
Microsoft Visual Studio Solution File, Format Version 12.00
# Visual Studio Version 17
VisualStudioVersion = 17.2.32630.192
MinimumVisualStudioVersion = 10.0.40219.1
Project("{FAE04EC0-301F-11D3-BF4B-00C04F79EFBC}") = "RazorPagesMovie", "RazorPagesMovie\RazorPagesMovie.csproj", "{F58C1C08-AA42-4F2D-BBDE-57DA797F50C3}"
EndProject
Global
	GlobalSection(SolutionConfigurationPlatforms) = preSolution
		Debug|Any CPU = Debug|Any CPU
		Release|Any CPU = Release|Any CPU
	EndGlobalSection
	GlobalSection(ProjectConfigurationPlatforms) = postSolution
		{F58C1C08-AA42-4F2D-BBDE-57DA797F50C3}.Debug|Any CPU.ActiveCfg = Debug|Any CPU
		{F58C1C08-AA42-4F2D-BBDE-57DA797F50C3}.Debug|Any CPU.Build.0 = Debug|Any CPU
		{F58C1C08-AA42-4F2D-BBDE-57DA797F50C3}.Release|Any CPU.ActiveCfg = Release|Any CPU
		{F58C1C08-AA42-4F2D-BBDE-57DA797F50C3}.Release|Any CPU.Build.0 = Release|Any CPU
	EndGlobalSection
	GlobalSection(SolutionProperties) = preSolution
		HideSolutionNode = FALSE
	EndGlobalSection
	GlobalSection(ExtensibilityGlobals) = postSolution
		SolutionGuid = {8C007482-9037-4066-B999-C1278AD63F59}
	EndGlobalSection
EndGlobal
